# This file is automatically @generated by Cargo.
# It is not intended for manual editing.
version = 3

[[package]]
name = "fake-api"
version = "0.1.0"

[[package]]
name = "path-patch-fixture"
version = "0.1.0"
dependencies = [
 "registry-like",
]

[[package]]
name = "registry-like"
version = "0.1.0"
dependencies = [
 "fake-api",
]
